
Microsoft Visual Studio Solution File, Format Version 12.00
Project("{FAE04EC0-301F-11D3-BF4B-00C04F79EFBC}") = "HR4You.Lib", "..\HR4You.Lib\HR4You.Lib.csproj", "{902BDCA0-6CC7-4653-BA64-2079DDFEFE69}"
EndProject
Project("{FAE04EC0-301F-11D3-BF4B-00C04F79EFBC}") = "HR4You.Main", "..\HR4You.Main\HR4You.Main.csproj", "{DFC5755D-CF2E-43D7-81CF-2908F8B8FAAA}"
EndProject
Global
	GlobalSection(SolutionConfigurationPlatforms) = preSolution
		Debug|Any CPU = Debug|Any CPU
		Release|Any CPU = Release|Any CPU
	EndGlobalSection
	GlobalSection(ProjectConfigurationPlatforms) = postSolution
		{902BDCA0-6CC7-4653-BA64-2079DDFEFE69}.Debug|Any CPU.ActiveCfg = Debug|Any CPU
		{902BDCA0-6CC7-4653-BA64-2079DDFEFE69}.Debug|Any CPU.Build.0 = Debug|Any CPU
		{902BDCA0-6CC7-4653-BA64-2079DDFEFE69}.Release|Any CPU.ActiveCfg = Release|Any CPU
		{902BDCA0-6CC7-4653-BA64-2079DDFEFE69}.Release|Any CPU.Build.0 = Release|Any CPU
		{DFC5755D-CF2E-43D7-81CF-2908F8B8FAAA}.Debug|Any CPU.ActiveCfg = Debug|Any CPU
		{DFC5755D-CF2E-43D7-81CF-2908F8B8FAAA}.Debug|Any CPU.Build.0 = Debug|Any CPU
		{DFC5755D-CF2E-43D7-81CF-2908F8B8FAAA}.Release|Any CPU.ActiveCfg = Release|Any CPU
		{DFC5755D-CF2E-43D7-81CF-2908F8B8FAAA}.Release|Any CPU.Build.0 = Release|Any CPU
	EndGlobalSection
EndGlobal
